// !$*UTF8*$!
{
	archiveVersion = 1;
	classes = {
	};
	objectVersion = 50;
	objects = {

/* Begin PBXBuildFile section */
		5592EC2E245B29BE00618DD4 /* AppDelegate.swift in Sources */ = {isa = PBXBuildFile; fileRef = 5592EC2D245B29BE00618DD4 /* AppDelegate.swift */; };
		5592EC30245B29BE00618DD4 /* SceneDelegate.swift in Sources */ = {isa = PBXBuildFile; fileRef = 5592EC2F245B29BE00618DD4 /* SceneDelegate.swift */; };
		5592EC32245B29BE00618DD4 /* ContentView.swift in Sources */ = {isa = PBXBuildFile; fileRef = 5592EC31245B29BE00618DD4 /* ContentView.swift */; };
		5592EC34245B29BF00618DD4 /* Assets.xcassets in Resources */ = {isa = PBXBuildFile; fileRef = 5592EC33245B29BF00618DD4 /* Assets.xcassets */; };
		5592EC37245B29BF00618DD4 /* Preview Assets.xcassets in Resources */ = {isa = PBXBuildFile; fileRef = 5592EC36245B29BF00618DD4 /* Preview Assets.xcassets */; };
		5592EC3A245B29BF00618DD4 /* LaunchScreen.storyboard in Resources */ = {isa = PBXBuildFile; fileRef = 5592EC38245B29BF00618DD4 /* LaunchScreen.storyboard */; };
		5592EC45245B29BF00618DD4 /* QRCaptureTests.swift in Sources */ = {isa = PBXBuildFile; fileRef = 5592EC44245B29BF00618DD4 /* QRCaptureTests.swift */; };
		5592EC50245B29BF00618DD4 /* QRCaptureUITests.swift in Sources */ = {isa = PBXBuildFile; fileRef = 5592EC4F245B29BF00618DD4 /* QRCaptureUITests.swift */; };
		5592EC5E245B2A1400618DD4 /* CaptureViewController.swift in Sources */ = {isa = PBXBuildFile; fileRef = 5592EC5D245B2A1400618DD4 /* CaptureViewController.swift */; };
		5592EC61245B2A8600618DD4 /* LiveCameraView.swift in Sources */ = {isa = PBXBuildFile; fileRef = 5592EC60245B2A8600618DD4 /* LiveCameraView.swift */; };
		5592EC63245B2F8A00618DD4 /* CameraController.swift in Sources */ = {isa = PBXBuildFile; fileRef = 5592EC62245B2F8A00618DD4 /* CameraController.swift */; };
		5592EC65245B305D00618DD4 /* CameraViewController.swift in Sources */ = {isa = PBXBuildFile; fileRef = 5592EC64245B305D00618DD4 /* CameraViewController.swift */; };
/* End PBXBuildFile section */

/* Begin PBXContainerItemProxy section */
		5592EC41245B29BF00618DD4 /* PBXContainerItemProxy */ = {
			isa = PBXContainerItemProxy;
			containerPortal = 5592EC22245B29BE00618DD4 /* Project object */;
			proxyType = 1;
			remoteGlobalIDString = 5592EC29245B29BE00618DD4;
			remoteInfo = QRCapture;
		};
		5592EC4C245B29BF00618DD4 /* PBXContainerItemProxy */ = {
			isa = PBXContainerItemProxy;
			containerPortal = 5592EC22245B29BE00618DD4 /* Project object */;
			proxyType = 1;
			remoteGlobalIDString = 5592EC29245B29BE00618DD4;
			remoteInfo = QRCapture;
		};
/* End PBXContainerItemProxy section */

/* Begin PBXFileReference section */
		5592EC2A245B29BE00618DD4 /* QRCapture.app */ = {isa = PBXFileReference; explicitFileType = wrapper.application; includeInIndex = 0; path = QRCapture.app; sourceTree = BUILT_PRODUCTS_DIR; };
		5592EC2D245B29BE00618DD4 /* AppDelegate.swift */ = {isa = PBXFileReference; lastKnownFileType = sourcecode.swift; path = AppDelegate.swift; sourceTree = "<group>"; };
		5592EC2F245B29BE00618DD4 /* SceneDelegate.swift */ = {isa = PBXFileReference; lastKnownFileType = sourcecode.swift; path = SceneDelegate.swift; sourceTree = "<group>"; };
		5592EC31245B29BE00618DD4 /* ContentView.swift */ = {isa = PBXFileReference; lastKnownFileType = sourcecode.swift; path = ContentView.swift; sourceTree = "<group>"; };
		5592EC33245B29BF00618DD4 /* Assets.xcassets */ = {isa = PBXFileReference; lastKnownFileType = folder.assetcatalog; path = Assets.xcassets; sourceTree = "<group>"; };
		5592EC36245B29BF00618DD4 /* Preview Assets.xcassets */ = {isa = PBXFileReference; lastKnownFileType = folder.assetcatalog; path = "Preview Assets.xcassets"; sourceTree = "<group>"; };
		5592EC39245B29BF00618DD4 /* Base */ = {isa = PBXFileReference; lastKnownFileType = file.storyboard; name = Base; path = Base.lproj/LaunchScreen.storyboard; sourceTree = "<group>"; };
		5592EC3B245B29BF00618DD4 /* Info.plist */ = {isa = PBXFileReference; lastKnownFileType = text.plist.xml; path = Info.plist; sourceTree = "<group>"; };
		5592EC40245B29BF00618DD4 /* QRCaptureTests.xctest */ = {isa = PBXFileReference; explicitFileType = wrapper.cfbundle; includeInIndex = 0; path = QRCaptureTests.xctest; sourceTree = BUILT_PRODUCTS_DIR; };
		5592EC44245B29BF00618DD4 /* QRCaptureTests.swift */ = {isa = PBXFileReference; lastKnownFileType = sourcecode.swift; path = QRCaptureTests.swift; sourceTree = "<group>"; };
		5592EC46245B29BF00618DD4 /* Info.plist */ = {isa = PBXFileReference; lastKnownFileType = text.plist.xml; path = Info.plist; sourceTree = "<group>"; };
		5592EC4B245B29BF00618DD4 /* QRCaptureUITests.xctest */ = {isa = PBXFileReference; explicitFileType = wrapper.cfbundle; includeInIndex = 0; path = QRCaptureUITests.xctest; sourceTree = BUILT_PRODUCTS_DIR; };
		5592EC4F245B29BF00618DD4 /* QRCaptureUITests.swift */ = {isa = PBXFileReference; lastKnownFileType = sourcecode.swift; path = QRCaptureUITests.swift; sourceTree = "<group>"; };
		5592EC51245B29BF00618DD4 /* Info.plist */ = {isa = PBXFileReference; lastKnownFileType = text.plist.xml; path = Info.plist; sourceTree = "<group>"; };
		5592EC5D245B2A1400618DD4 /* CaptureViewController.swift */ = {isa = PBXFileReference; lastKnownFileType = sourcecode.swift; path = CaptureViewController.swift; sourceTree = "<group>"; };
		5592EC60245B2A8600618DD4 /* LiveCameraView.swift */ = {isa = PBXFileReference; lastKnownFileType = sourcecode.swift; path = LiveCameraView.swift; sourceTree = "<group>"; };
		5592EC62245B2F8A00618DD4 /* CameraController.swift */ = {isa = PBXFileReference; lastKnownFileType = sourcecode.swift; path = CameraController.swift; sourceTree = "<group>"; };
		5592EC64245B305D00618DD4 /* CameraViewController.swift */ = {isa = PBXFileReference; lastKnownFileType = sourcecode.swift; path = CameraViewController.swift; sourceTree = "<group>"; };
/* End PBXFileReference section */

/* Begin PBXFrameworksBuildPhase section */
		5592EC27245B29BE00618DD4 /* Frameworks */ = {
			isa = PBXFrameworksBuildPhase;
			buildActionMask = 2147483647;
			files = (
			);
			runOnlyForDeploymentPostprocessing = 0;
		};
		5592EC3D245B29BF00618DD4 /* Frameworks */ = {
			isa = PBXFrameworksBuildPhase;
			buildActionMask = 2147483647;
			files = (
			);
			runOnlyForDeploymentPostprocessing = 0;
		};
		5592EC48245B29BF00618DD4 /* Frameworks */ = {
			isa = PBXFrameworksBuildPhase;
			buildActionMask = 2147483647;
			files = (
			);
			runOnlyForDeploymentPostprocessing = 0;
		};
/* End PBXFrameworksBuildPhase section */

/* Begin PBXGroup section */
		5592EC21245B29BE00618DD4 = {
			isa = PBXGroup;
			children = (
				5592EC2C245B29BE00618DD4 /* QRCapture */,
				5592EC43245B29BF00618DD4 /* QRCaptureTests */,
				5592EC4E245B29BF00618DD4 /* QRCaptureUITests */,
				5592EC2B245B29BE00618DD4 /* Products */,
			);
			sourceTree = "<group>";
		};
		5592EC2B245B29BE00618DD4 /* Products */ = {
			isa = PBXGroup;
			children = (
				5592EC2A245B29BE00618DD4 /* QRCapture.app */,
				5592EC40245B29BF00618DD4 /* QRCaptureTests.xctest */,
				5592EC4B245B29BF00618DD4 /* QRCaptureUITests.xctest */,
			);
			name = Products;
			sourceTree = "<group>";
		};
		5592EC2C245B29BE00618DD4 /* QRCapture */ = {
			isa = PBXGroup;
			children = (
				5592EC2D245B29BE00618DD4 /* AppDelegate.swift */,
				5592EC2F245B29BE00618DD4 /* SceneDelegate.swift */,
				5592EC31245B29BE00618DD4 /* ContentView.swift */,
				5592EC33245B29BF00618DD4 /* Assets.xcassets */,
				5592EC38245B29BF00618DD4 /* LaunchScreen.storyboard */,
				5592EC3B245B29BF00618DD4 /* Info.plist */,
				5592EC35245B29BF00618DD4 /* Preview Content */,
				5592EC5D245B2A1400618DD4 /* CaptureViewController.swift */,
				5592EC62245B2F8A00618DD4 /* CameraController.swift */,
				5592EC64245B305D00618DD4 /* CameraViewController.swift */,
				5592EC60245B2A8600618DD4 /* LiveCameraView.swift */,
			);
			path = QRCapture;
			sourceTree = "<group>";
		};
		5592EC35245B29BF00618DD4 /* Preview Content */ = {
			isa = PBXGroup;
			children = (
				5592EC36245B29BF00618DD4 /* Preview Assets.xcassets */,
			);
			path = "Preview Content";
			sourceTree = "<group>";
		};
		5592EC43245B29BF00618DD4 /* QRCaptureTests */ = {
			isa = PBXGroup;
			children = (
				5592EC44245B29BF00618DD4 /* QRCaptureTests.swift */,
				5592EC46245B29BF00618DD4 /* Info.plist */,
			);
			path = QRCaptureTests;
			sourceTree = "<group>";
		};
		5592EC4E245B29BF00618DD4 /* QRCaptureUITests */ = {
			isa = PBXGroup;
			children = (
				5592EC4F245B29BF00618DD4 /* QRCaptureUITests.swift */,
				5592EC51245B29BF00618DD4 /* Info.plist */,
			);
			path = QRCaptureUITests;
			sourceTree = "<group>";
		};
/* End PBXGroup section */

/* Begin PBXNativeTarget section */
		5592EC29245B29BE00618DD4 /* QRCapture */ = {
			isa = PBXNativeTarget;
			buildConfigurationList = 5592EC54245B29BF00618DD4 /* Build configuration list for PBXNativeTarget "QRCapture" */;
			buildPhases = (
				5592EC26245B29BE00618DD4 /* Sources */,
				5592EC27245B29BE00618DD4 /* Frameworks */,
				5592EC28245B29BE00618DD4 /* Resources */,
			);
			buildRules = (
			);
			dependencies = (
			);
			name = QRCapture;
			productName = QRCapture;
			productReference = 5592EC2A245B29BE00618DD4 /* QRCapture.app */;
			productType = "com.apple.product-type.application";
		};
		5592EC3F245B29BF00618DD4 /* QRCaptureTests */ = {
			isa = PBXNativeTarget;
			buildConfigurationList = 5592EC57245B29BF00618DD4 /* Build configuration list for PBXNativeTarget "QRCaptureTests" */;
			buildPhases = (
				5592EC3C245B29BF00618DD4 /* Sources */,
				5592EC3D245B29BF00618DD4 /* Frameworks */,
				5592EC3E245B29BF00618DD4 /* Resources */,
			);
			buildRules = (
			);
			dependencies = (
				5592EC42245B29BF00618DD4 /* PBXTargetDependency */,
			);
			name = QRCaptureTests;
			productName = QRCaptureTests;
			productReference = 5592EC40245B29BF00618DD4 /* QRCaptureTests.xctest */;
			productType = "com.apple.product-type.bundle.unit-test";
		};
		5592EC4A245B29BF00618DD4 /* QRCaptureUITests */ = {
			isa = PBXNativeTarget;
			buildConfigurationList = 5592EC5A245B29BF00618DD4 /* Build configuration list for PBXNativeTarget "QRCaptureUITests" */;
			buildPhases = (
				5592EC47245B29BF00618DD4 /* Sources */,
				5592EC48245B29BF00618DD4 /* Frameworks */,
				5592EC49245B29BF00618DD4 /* Resources */,
			);
			buildRules = (
			);
			dependencies = (
				5592EC4D245B29BF00618DD4 /* PBXTargetDependency */,
			);
			name = QRCaptureUITests;
			productName = QRCaptureUITests;
			productReference = 5592EC4B245B29BF00618DD4 /* QRCaptureUITests.xctest */;
			productType = "com.apple.product-type.bundle.ui-testing";
		};
/* End PBXNativeTarget section */

/* Begin PBXProject section */
		5592EC22245B29BE00618DD4 /* Project object */ = {
			isa = PBXProject;
			attributes = {
				LastSwiftUpdateCheck = 1140;
				LastUpgradeCheck = 1140;
				ORGANIZATIONNAME = "Oscar Newman";
				TargetAttributes = {
					5592EC29245B29BE00618DD4 = {
						CreatedOnToolsVersion = 11.4.1;
					};
					5592EC3F245B29BF00618DD4 = {
						CreatedOnToolsVersion = 11.4.1;
						TestTargetID = 5592EC29245B29BE00618DD4;
					};
					5592EC4A245B29BF00618DD4 = {
						CreatedOnToolsVersion = 11.4.1;
						TestTargetID = 5592EC29245B29BE00618DD4;
					};
				};
			};
			buildConfigurationList = 5592EC25245B29BE00618DD4 /* Build configuration list for PBXProject "QRCapture" */;
			compatibilityVersion = "Xcode 9.3";
			developmentRegion = en;
			hasScannedForEncodings = 0;
			knownRegions = (
				en,
				Base,
			);
			mainGroup = 5592EC21245B29BE00618DD4;
			productRefGroup = 5592EC2B245B29BE00618DD4 /* Products */;
			projectDirPath = "";
			projectRoot = "";
			targets = (
				5592EC29245B29BE00618DD4 /* QRCapture */,
				5592EC3F245B29BF00618DD4 /* QRCaptureTests */,
				5592EC4A245B29BF00618DD4 /* QRCaptureUITests */,
			);
		};
/* End PBXProject section */

/* Begin PBXResourcesBuildPhase section */
		5592EC28245B29BE00618DD4 /* Resources */ = {
			isa = PBXResourcesBuildPhase;
			buildActionMask = 2147483647;
			files = (
				5592EC3A245B29BF00618DD4 /* LaunchScreen.storyboard in Resources */,
				5592EC37245B29BF00618DD4 /* Preview Assets.xcassets in Resources */,
				5592EC34245B29BF00618DD4 /* Assets.xcassets in Resources */,
			);
			runOnlyForDeploymentPostprocessing = 0;
		};
		5592EC3E245B29BF00618DD4 /* Resources */ = {
			isa = PBXResourcesBuildPhase;
			buildActionMask = 2147483647;
			files = (
			);
			runOnlyForDeploymentPostprocessing = 0;
		};
		5592EC49245B29BF00618DD4 /* Resources */ = {
			isa = PBXResourcesBuildPhase;
			buildActionMask = 2147483647;
			files = (
			);
			runOnlyForDeploymentPostprocessing = 0;
		};
/* End PBXResourcesBuildPhase section */

/* Begin PBXSourcesBuildPhase section */
		5592EC26245B29BE00618DD4 /* Sources */ = {
			isa = PBXSourcesBuildPhase;
			buildActionMask = 2147483647;
			files = (
				5592EC63245B2F8A00618DD4 /* CameraController.swift in Sources */,
				5592EC61245B2A8600618DD4 /* LiveCameraView.swift in Sources */,
				5592EC2E245B29BE00618DD4 /* AppDelegate.swift in Sources */,
				5592EC30245B29BE00618DD4 /* SceneDelegate.swift in Sources */,
				5592EC65245B305D00618DD4 /* CameraViewController.swift in Sources */,
				5592EC32245B29BE00618DD4 /* ContentView.swift in Sources */,
				5592EC5E245B2A1400618DD4 /* CaptureViewController.swift in Sources */,
			);
			runOnlyForDeploymentPostprocessing = 0;
		};
		5592EC3C245B29BF00618DD4 /* Sources */ = {
			isa = PBXSourcesBuildPhase;
			buildActionMask = 2147483647;
			files = (
				5592EC45245B29BF00618DD4 /* QRCaptureTests.swift in Sources */,
			);
			runOnlyForDeploymentPostprocessing = 0;
		};
		5592EC47245B29BF00618DD4 /* Sources */ = {
			isa = PBXSourcesBuildPhase;
			buildActionMask = 2147483647;
			files = (
				5592EC50245B29BF00618DD4 /* QRCaptureUITests.swift in Sources */,
			);
			runOnlyForDeploymentPostprocessing = 0;
		};
/* End PBXSourcesBuildPhase section */

/* Begin PBXTargetDependency section */
		5592EC42245B29BF00618DD4 /* PBXTargetDependency */ = {
			isa = PBXTargetDependency;
			target = 5592EC29245B29BE00618DD4 /* QRCapture */;
			targetProxy = 5592EC41245B29BF00618DD4 /* PBXContainerItemProxy */;
		};
		5592EC4D245B29BF00618DD4 /* PBXTargetDependency */ = {
			isa = PBXTargetDependency;
			target = 5592EC29245B29BE00618DD4 /* QRCapture */;
			targetProxy = 5592EC4C245B29BF00618DD4 /* PBXContainerItemProxy */;
		};
/* End PBXTargetDependency section */

/* Begin PBXVariantGroup section */
		5592EC38245B29BF00618DD4 /* LaunchScreen.storyboard */ = {
			isa = PBXVariantGroup;
			children = (
				5592EC39245B29BF00618DD4 /* Base */,
			);
			name = LaunchScreen.storyboard;
			sourceTree = "<group>";
		};
/* End PBXVariantGroup section */

/* Begin XCBuildConfiguration section */
		5592EC52245B29BF00618DD4 /* Debug */ = {
			isa = XCBuildConfiguration;
			buildSettings = {
				ALWAYS_SEARCH_USER_PATHS = NO;
				CLANG_ANALYZER_NONNULL = YES;
				CLANG_ANALYZER_NUMBER_OBJECT_CONVERSION = YES_AGGRESSIVE;
				CLANG_CXX_LANGUAGE_STANDARD = "gnu++14";
				CLANG_CXX_LIBRARY = "libc++";
				CLANG_ENABLE_MODULES = YES;
				CLANG_ENABLE_OBJC_ARC = YES;
				CLANG_ENABLE_OBJC_WEAK = YES;
				CLANG_WARN_BLOCK_CAPTURE_AUTORELEASING = YES;
				CLANG_WARN_BOOL_CONVERSION = YES;
				CLANG_WARN_COMMA = YES;
				CLANG_WARN_CONSTANT_CONVERSION = YES;
				CLANG_WARN_DEPRECATED_OBJC_IMPLEMENTATIONS = YES;
				CLANG_WARN_DIRECT_OBJC_ISA_USAGE = YES_ERROR;
				CLANG_WARN_DOCUMENTATION_COMMENTS = YES;
				CLANG_WARN_EMPTY_BODY = YES;
				CLANG_WARN_ENUM_CONVERSION = YES;
				CLANG_WARN_INFINITE_RECURSION = YES;
				CLANG_WARN_INT_CONVERSION = YES;
				CLANG_WARN_NON_LITERAL_NULL_CONVERSION = YES;
				CLANG_WARN_OBJC_IMPLICIT_RETAIN_SELF = YES;
				CLANG_WARN_OBJC_LITERAL_CONVERSION = YES;
				CLANG_WARN_OBJC_ROOT_CLASS = YES_ERROR;
				CLANG_WARN_RANGE_LOOP_ANALYSIS = YES;
				CLANG_WARN_STRICT_PROTOTYPES = YES;
				CLANG_WARN_SUSPICIOUS_MOVE = YES;
				CLANG_WARN_UNGUARDED_AVAILABILITY = YES_AGGRESSIVE;
				CLANG_WARN_UNREACHABLE_CODE = YES;
				CLANG_WARN__DUPLICATE_METHOD_MATCH = YES;
				COPY_PHASE_STRIP = NO;
				DEBUG_INFORMATION_FORMAT = dwarf;
				ENABLE_STRICT_OBJC_MSGSEND = YES;
				ENABLE_TESTABILITY = YES;
				GCC_C_LANGUAGE_STANDARD = gnu11;
				GCC_DYNAMIC_NO_PIC = NO;
				GCC_NO_COMMON_BLOCKS = YES;
				GCC_OPTIMIZATION_LEVEL = 0;
				GCC_PREPROCESSOR_DEFINITIONS = (
					"DEBUG=1",
					"$(inherited)",
				);
				GCC_WARN_64_TO_32_BIT_CONVERSION = YES;
				GCC_WARN_ABOUT_RETURN_TYPE = YES_ERROR;
				GCC_WARN_UNDECLARED_SELECTOR = YES;
				GCC_WARN_UNINITIALIZED_AUTOS = YES_AGGRESSIVE;
				GCC_WARN_UNUSED_FUNCTION = YES;
				GCC_WARN_UNUSED_VARIABLE = YES;
				IPHONEOS_DEPLOYMENT_TARGET = 13.4;
				MTL_ENABLE_DEBUG_INFO = INCLUDE_SOURCE;
				MTL_FAST_MATH = YES;
				ONLY_ACTIVE_ARCH = YES;
				SDKROOT = iphoneos;
				SWIFT_ACTIVE_COMPILATION_CONDITIONS = DEBUG;
				SWIFT_OPTIMIZATION_LEVEL = "-Onone";
			};
			name = Debug;
		};
		5592EC53245B29BF00618DD4 /* Release */ = {
			isa = XCBuildConfiguration;
			buildSettings = {
				ALWAYS_SEARCH_USER_PATHS = NO;
				CLANG_ANALYZER_NONNULL = YES;
				CLANG_ANALYZER_NUMBER_OBJECT_CONVERSION = YES_AGGRESSIVE;
				CLANG_CXX_LANGUAGE_STANDARD = "gnu++14";
				CLANG_CXX_LIBRARY = "libc++";
				CLANG_ENABLE_MODULES = YES;
				CLANG_ENABLE_OBJC_ARC = YES;
				CLANG_ENABLE_OBJC_WEAK = YES;
				CLANG_WARN_BLOCK_CAPTURE_AUTORELEASING = YES;
				CLANG_WARN_BOOL_CONVERSION = YES;
				CLANG_WARN_COMMA = YES;
				CLANG_WARN_CONSTANT_CONVERSION = YES;
				CLANG_WARN_DEPRECATED_OBJC_IMPLEMENTATIONS = YES;
				CLANG_WARN_DIRECT_OBJC_ISA_USAGE = YES_ERROR;
				CLANG_WARN_DOCUMENTATION_COMMENTS = YES;
				CLANG_WARN_EMPTY_BODY = YES;
				CLANG_WARN_ENUM_CONVERSION = YES;
				CLANG_WARN_INFINITE_RECURSION = YES;
				CLANG_WARN_INT_CONVERSION = YES;
				CLANG_WARN_NON_LITERAL_NULL_CONVERSION = YES;
				CLANG_WARN_OBJC_IMPLICIT_RETAIN_SELF = YES;
				CLANG_WARN_OBJC_LITERAL_CONVERSION = YES;
				CLANG_WARN_OBJC_ROOT_CLASS = YES_ERROR;
				CLANG_WARN_RANGE_LOOP_ANALYSIS = YES;
				CLANG_WARN_STRICT_PROTOTYPES = YES;
				CLANG_WARN_SUSPICIOUS_MOVE = YES;
				CLANG_WARN_UNGUARDED_AVAILABILITY = YES_AGGRESSIVE;
				CLANG_WARN_UNREACHABLE_CODE = YES;
				CLANG_WARN__DUPLICATE_METHOD_MATCH = YES;
				COPY_PHASE_STRIP = NO;
				DEBUG_INFORMATION_FORMAT = "dwarf-with-dsym";
				ENABLE_NS_ASSERTIONS = NO;
				ENABLE_STRICT_OBJC_MSGSEND = YES;
				GCC_C_LANGUAGE_STANDARD = gnu11;
				GCC_NO_COMMON_BLOCKS = YES;
				GCC_WARN_64_TO_32_BIT_CONVERSION = YES;
				GCC_WARN_ABOUT_RETURN_TYPE = YES_ERROR;
				GCC_WARN_UNDECLARED_SELECTOR = YES;
				GCC_WARN_UNINITIALIZED_AUTOS = YES_AGGRESSIVE;
				GCC_WARN_UNUSED_FUNCTION = YES;
				GCC_WARN_UNUSED_VARIABLE = YES;
				IPHONEOS_DEPLOYMENT_TARGET = 13.4;
				MTL_ENABLE_DEBUG_INFO = NO;
				MTL_FAST_MATH = YES;
				SDKROOT = iphoneos;
				SWIFT_COMPILATION_MODE = wholemodule;
				SWIFT_OPTIMIZATION_LEVEL = "-O";
				VALIDATE_PRODUCT = YES;
			};
			name = Release;
		};
		5592EC55245B29BF00618DD4 /* Debug */ = {
			isa = XCBuildConfiguration;
			buildSettings = {
				ASSETCATALOG_COMPILER_APPICON_NAME = AppIcon;
				CODE_SIGN_STYLE = Automatic;
				DEVELOPMENT_ASSET_PATHS = "\"QRCapture/Preview Content\"";
				DEVELOPMENT_TEAM = 48TMD47B79;
				ENABLE_PREVIEWS = YES;
				INFOPLIST_FILE = QRCapture/Info.plist;
				LD_RUNPATH_SEARCH_PATHS = (
					"$(inherited)",
					"@executable_path/Frameworks",
				);
				PRODUCT_BUNDLE_IDENTIFIER = me.oscarnewman.QRCapture;
				PRODUCT_NAME = "$(TARGET_NAME)";
				SWIFT_VERSION = 5.0;
				TARGETED_DEVICE_FAMILY = "1,2";
			};
			name = Debug;
		};
		5592EC56245B29BF00618DD4 /* Release */ = {
			isa = XCBuildConfiguration;
			buildSettings = {
				ASSETCATALOG_COMPILER_APPICON_NAME = AppIcon;
				CODE_SIGN_STYLE = Automatic;
				DEVELOPMENT_ASSET_PATHS = "\"QRCapture/Preview Content\"";
				DEVELOPMENT_TEAM = 48TMD47B79;
				ENABLE_PREVIEWS = YES;
				INFOPLIST_FILE = QRCapture/Info.plist;
				LD_RUNPATH_SEARCH_PATHS = (
					"$(inherited)",
					"@executable_path/Frameworks",
				);
				PRODUCT_BUNDLE_IDENTIFIER = me.oscarnewman.QRCapture;
				PRODUCT_NAME = "$(TARGET_NAME)";
				SWIFT_VERSION = 5.0;
				TARGETED_DEVICE_FAMILY = "1,2";
			};
			name = Release;
		};
		5592EC58245B29BF00618DD4 /* Debug */ = {
			isa = XCBuildConfiguration;
			buildSettings = {
				ALWAYS_EMBED_SWIFT_STANDARD_LIBRARIES = YES;
				BUNDLE_LOADER = "$(TEST_HOST)";
				CODE_SIGN_STYLE = Automatic;
				DEVELOPMENT_TEAM = 48TMD47B79;
				INFOPLIST_FILE = QRCaptureTests/Info.plist;
				IPHONEOS_DEPLOYMENT_TARGET = 13.4;
				LD_RUNPATH_SEARCH_PATHS = (
					"$(inherited)",
					"@executable_path/Frameworks",
					"@loader_path/Frameworks",
				);
				PRODUCT_BUNDLE_IDENTIFIER = me.oscarnewman.QRCaptureTests;
				PRODUCT_NAME = "$(TARGET_NAME)";
				SWIFT_VERSION = 5.0;
				TARGETED_DEVICE_FAMILY = "1,2";
				TEST_HOST = "$(BUILT_PRODUCTS_DIR)/QRCapture.app/QRCapture";
			};
			name = Debug;
		};
		5592EC59245B29BF00618DD4 /* Release */ = {
			isa = XCBuildConfiguration;
			buildSettings = {
				ALWAYS_EMBED_SWIFT_STANDARD_LIBRARIES = YES;
				BUNDLE_LOADER = "$(TEST_HOST)";
				CODE_SIGN_STYLE = Automatic;
				DEVELOPMENT_TEAM = 48TMD47B79;
				INFOPLIST_FILE = QRCaptureTests/Info.plist;
				IPHONEOS_DEPLOYMENT_TARGET = 13.4;
				LD_RUNPATH_SEARCH_PATHS = (
					"$(inherited)",
					"@executable_path/Frameworks",
					"@loader_path/Frameworks",
				);
				PRODUCT_BUNDLE_IDENTIFIER = me.oscarnewman.QRCaptureTests;
				PRODUCT_NAME = "$(TARGET_NAME)";
				SWIFT_VERSION = 5.0;
				TARGETED_DEVICE_FAMILY = "1,2";
				TEST_HOST = "$(BUILT_PRODUCTS_DIR)/QRCapture.app/QRCapture";
			};
			name = Release;
		};
		5592EC5B245B29BF00618DD4 /* Debug */ = {
			isa = XCBuildConfiguration;
			buildSettings = {
				ALWAYS_EMBED_SWIFT_STANDARD_LIBRARIES = YES;
				CODE_SIGN_STYLE = Automatic;
				DEVELOPMENT_TEAM = 48TMD47B79;
				INFOPLIST_FILE = QRCaptureUITests/Info.plist;
				LD_RUNPATH_SEARCH_PATHS = (
					"$(inherited)",
					"@executable_path/Frameworks",
					"@loader_path/Frameworks",
				);
				PRODUCT_BUNDLE_IDENTIFIER = me.oscarnewman.QRCaptureUITests;
				PRODUCT_NAME = "$(TARGET_NAME)";
				SWIFT_VERSION = 5.0;
				TARGETED_DEVICE_FAMILY = "1,2";
				TEST_TARGET_NAME = QRCapture;
			};
			name = Debug;
		};
		5592EC5C245B29BF00618DD4 /* Release */ = {
			isa = XCBuildConfiguration;
			buildSettings = {
				ALWAYS_EMBED_SWIFT_STANDARD_LIBRARIES = YES;
				CODE_SIGN_STYLE = Automatic;
				DEVELOPMENT_TEAM = 48TMD47B79;
				INFOPLIST_FILE = QRCaptureUITests/Info.plist;
				LD_RUNPATH_SEARCH_PATHS = (
					"$(inherited)",
					"@executable_path/Frameworks",
					"@loader_path/Frameworks",
				);
				PRODUCT_BUNDLE_IDENTIFIER = me.oscarnewman.QRCaptureUITests;
				PRODUCT_NAME = "$(TARGET_NAME)";
				SWIFT_VERSION = 5.0;
				TARGETED_DEVICE_FAMILY = "1,2";
				TEST_TARGET_NAME = QRCapture;
			};
			name = Release;
		};
/* End XCBuildConfiguration section */

/* Begin XCConfigurationList section */
		5592EC25245B29BE00618DD4 /* Build configuration list for PBXProject "QRCapture" */ = {
			isa = XCConfigurationList;
			buildConfigurations = (
				5592EC52245B29BF00618DD4 /* Debug */,
				5592EC53245B29BF00618DD4 /* Release */,
			);
			defaultConfigurationIsVisible = 0;
			defaultConfigurationName = Release;
		};
		5592EC54245B29BF00618DD4 /* Build configuration list for PBXNativeTarget "QRCapture" */ = {
			isa = XCConfigurationList;
			buildConfigurations = (
				5592EC55245B29BF00618DD4 /* Debug */,
				5592EC56245B29BF00618DD4 /* Release */,
			);
			defaultConfigurationIsVisible = 0;
			defaultConfigurationName = Release;
		};
		5592EC57245B29BF00618DD4 /* Build configuration list for PBXNativeTarget "QRCaptureTests" */ = {
			isa = XCConfigurationList;
			buildConfigurations = (
				5592EC58245B29BF00618DD4 /* Debug */,
				5592EC59245B29BF00618DD4 /* Release */,
			);
			defaultConfigurationIsVisible = 0;
			defaultConfigurationName = Release;
		};
		5592EC5A245B29BF00618DD4 /* Build configuration list for PBXNativeTarget "QRCaptureUITests" */ = {
			isa = XCConfigurationList;
			buildConfigurations = (
				5592EC5B245B29BF00618DD4 /* Debug */,
				5592EC5C245B29BF00618DD4 /* Release */,
			);
			defaultConfigurationIsVisible = 0;
			defaultConfigurationName = Release;
		};
/* End XCConfigurationList section */
	};
	rootObject = 5592EC22245B29BE00618DD4 /* Project object */;
}
